
Microsoft Visual Studio Solution File, Format Version 12.00
# Visual Studio Version 17
VisualStudioVersion = 17.0.31903.59
MinimumVisualStudioVersion = 10.0.40219.1
Project("{2150E333-8FDC-42A3-9474-1A3956D46DE8}") = "src", "src", "{827E0CD3-B72D-47B6-A68D-7590B98EB39B}"
EndProject
Project("{FAE04EC0-301F-11D3-BF4B-00C04F79EFBC}") = "Saga.Model", "src\Saga.Model\Saga.Model.csproj", "{951F7B46-75C5-4C7B-9209-4CAC86872163}"
EndProject
Project("{FAE04EC0-301F-11D3-BF4B-00C04F79EFBC}") = "Saga.Core", "src\Saga.Core\Saga.Core.csproj", "{D532713F-A0CE-4CB0-8889-8CB73CE00419}"
EndProject
Project("{FAE04EC0-301F-11D3-BF4B-00C04F79EFBC}") = "Saga.Cli", "src\Saga.Cli\Saga.Cli.csproj", "{443F1165-5AE4-4EFB-8D59-296C11624178}"
EndProject
Project("{FAE04EC0-301F-11D3-BF4B-00C04F79EFBC}") = "Saga.Web", "src\Saga.Web\Saga.Web.csproj", "{AE00DE91-B590-4043-895C-ECEC2087660D}"
EndProject
Project("{2150E333-8FDC-42A3-9474-1A3956D46DE8}") = "tests", "tests", "{0AB3BF05-4346-4AA6-1389-037BE0695223}"
EndProject
Project("{FAE04EC0-301F-11D3-BF4B-00C04F79EFBC}") = "Saga.Core.Tests", "tests\Saga.Core.Tests\Saga.Core.Tests.csproj", "{35B17ACB-4F02-477C-9CEF-B33473B7493F}"
EndProject
Global
	GlobalSection(SolutionConfigurationPlatforms) = preSolution
		Debug|Any CPU = Debug|Any CPU
		Debug|x64 = Debug|x64
		Debug|x86 = Debug|x86
		Release|Any CPU = Release|Any CPU
		Release|x64 = Release|x64
		Release|x86 = Release|x86
	EndGlobalSection
	GlobalSection(ProjectConfigurationPlatforms) = postSolution
		{951F7B46-75C5-4C7B-9209-4CAC86872163}.Debug|Any CPU.ActiveCfg = Debug|Any CPU
		{951F7B46-75C5-4C7B-9209-4CAC86872163}.Debug|Any CPU.Build.0 = Debug|Any CPU
		{951F7B46-75C5-4C7B-9209-4CAC86872163}.Debug|x64.ActiveCfg = Debug|Any CPU
		{951F7B46-75C5-4C7B-9209-4CAC86872163}.Debug|x64.Build.0 = Debug|Any CPU
		{951F7B46-75C5-4C7B-9209-4CAC86872163}.Debug|x86.ActiveCfg = Debug|Any CPU
		{951F7B46-75C5-4C7B-9209-4CAC86872163}.Debug|x86.Build.0 = Debug|Any CPU
		{951F7B46-75C5-4C7B-9209-4CAC86872163}.Release|Any CPU.ActiveCfg = Release|Any CPU
		{951F7B46-75C5-4C7B-9209-4CAC86872163}.Release|Any CPU.Build.0 = Release|Any CPU
		{951F7B46-75C5-4C7B-9209-4CAC86872163}.Release|x64.ActiveCfg = Release|Any CPU
		{951F7B46-75C5-4C7B-9209-4CAC86872163}.Release|x64.Build.0 = Release|Any CPU
		{951F7B46-75C5-4C7B-9209-4CAC86872163}.Release|x86.ActiveCfg = Release|Any CPU
		{951F7B46-75C5-4C7B-9209-4CAC86872163}.Release|x86.Build.0 = Release|Any CPU
		{D532713F-A0CE-4CB0-8889-8CB73CE00419}.Debug|Any CPU.ActiveCfg = Debug|Any CPU
		{D532713F-A0CE-4CB0-8889-8CB73CE00419}.Debug|Any CPU.Build.0 = Debug|Any CPU
		{D532713F-A0CE-4CB0-8889-8CB73CE00419}.Debug|x64.ActiveCfg = Debug|Any CPU
		{D532713F-A0CE-4CB0-8889-8CB73CE00419}.Debug|x64.Build.0 = Debug|Any CPU
		{D532713F-A0CE-4CB0-8889-8CB73CE00419}.Debug|x86.ActiveCfg = Debug|Any CPU
		{D532713F-A0CE-4CB0-8889-8CB73CE00419}.Debug|x86.Build.0 = Debug|Any CPU
		{D532713F-A0CE-4CB0-8889-8CB73CE00419}.Release|Any CPU.ActiveCfg = Release|Any CPU
		{D532713F-A0CE-4CB0-8889-8CB73CE00419}.Release|Any CPU.Build.0 = Release|Any CPU
		{D532713F-A0CE-4CB0-8889-8CB73CE00419}.Release|x64.ActiveCfg = Release|Any CPU
		{D532713F-A0CE-4CB0-8889-8CB73CE00419}.Release|x64.Build.0 = Release|Any CPU
		{D532713F-A0CE-4CB0-8889-8CB73CE00419}.Release|x86.ActiveCfg = Release|Any CPU
		{D532713F-A0CE-4CB0-8889-8CB73CE00419}.Release|x86.Build.0 = Release|Any CPU
		{443F1165-5AE4-4EFB-8D59-296C11624178}.Debug|Any CPU.ActiveCfg = Debug|Any CPU
		{443F1165-5AE4-4EFB-8D59-296C11624178}.Debug|Any CPU.Build.0 = Debug|Any CPU
		{443F1165-5AE4-4EFB-8D59-296C11624178}.Debug|x64.ActiveCfg = Debug|Any CPU
		{443F1165-5AE4-4EFB-8D59-296C11624178}.Debug|x64.Build.0 = Debug|Any CPU
		{443F1165-5AE4-4EFB-8D59-296C11624178}.Debug|x86.ActiveCfg = Debug|Any CPU
		{443F1165-5AE4-4EFB-8D59-296C11624178}.Debug|x86.Build.0 = Debug|Any CPU
		{443F1165-5AE4-4EFB-8D59-296C11624178}.Release|Any CPU.ActiveCfg = Release|Any CPU
		{443F1165-5AE4-4EFB-8D59-296C11624178}.Release|Any CPU.Build.0 = Release|Any CPU
		{443F1165-5AE4-4EFB-8D59-296C11624178}.Release|x64.ActiveCfg = Release|Any CPU
		{443F1165-5AE4-4EFB-8D59-296C11624178}.Release|x64.Build.0 = Release|Any CPU
		{443F1165-5AE4-4EFB-8D59-296C11624178}.Release|x86.ActiveCfg = Release|Any CPU
		{443F1165-5AE4-4EFB-8D59-296C11624178}.Release|x86.Build.0 = Release|Any CPU
		{AE00DE91-B590-4043-895C-ECEC2087660D}.Debug|Any CPU.ActiveCfg = Debug|Any CPU
		{AE00DE91-B590-4043-895C-ECEC2087660D}.Debug|Any CPU.Build.0 = Debug|Any CPU
		{AE00DE91-B590-4043-895C-ECEC2087660D}.Debug|x64.ActiveCfg = Debug|Any CPU
		{AE00DE91-B590-4043-895C-ECEC2087660D}.Debug|x64.Build.0 = Debug|Any CPU
		{AE00DE91-B590-4043-895C-ECEC2087660D}.Debug|x86.ActiveCfg = Debug|Any CPU
		{AE00DE91-B590-4043-895C-ECEC2087660D}.Debug|x86.Build.0 = Debug|Any CPU
		{AE00DE91-B590-4043-895C-ECEC2087660D}.Release|Any CPU.ActiveCfg = Release|Any CPU
		{AE00DE91-B590-4043-895C-ECEC2087660D}.Release|Any CPU.Build.0 = Release|Any CPU
		{AE00DE91-B590-4043-895C-ECEC2087660D}.Release|x64.ActiveCfg = Release|Any CPU
		{AE00DE91-B590-4043-895C-ECEC2087660D}.Release|x64.Build.0 = Release|Any CPU
		{AE00DE91-B590-4043-895C-ECEC2087660D}.Release|x86.ActiveCfg = Release|Any CPU
		{AE00DE91-B590-4043-895C-ECEC2087660D}.Release|x86.Build.0 = Release|Any CPU
		{35B17ACB-4F02-477C-9CEF-B33473B7493F}.Debug|Any CPU.ActiveCfg = Debug|Any CPU
		{35B17ACB-4F02-477C-9CEF-B33473B7493F}.Debug|Any CPU.Build.0 = Debug|Any CPU
		{35B17ACB-4F02-477C-9CEF-B33473B7493F}.Debug|x64.ActiveCfg = Debug|Any CPU
		{35B17ACB-4F02-477C-9CEF-B33473B7493F}.Debug|x64.Build.0 = Debug|Any CPU
		{35B17ACB-4F02-477C-9CEF-B33473B7493F}.Debug|x86.ActiveCfg = Debug|Any CPU
		{35B17ACB-4F02-477C-9CEF-B33473B7493F}.Debug|x86.Build.0 = Debug|Any CPU
		{35B17ACB-4F02-477C-9CEF-B33473B7493F}.Release|Any CPU.ActiveCfg = Release|Any CPU
		{35B17ACB-4F02-477C-9CEF-B33473B7493F}.Release|Any CPU.Build.0 = Release|Any CPU
		{35B17ACB-4F02-477C-9CEF-B33473B7493F}.Release|x64.ActiveCfg = Release|Any CPU
		{35B17ACB-4F02-477C-9CEF-B33473B7493F}.Release|x64.Build.0 = Release|Any CPU
		{35B17ACB-4F02-477C-9CEF-B33473B7493F}.Release|x86.ActiveCfg = Release|Any CPU
		{35B17ACB-4F02-477C-9CEF-B33473B7493F}.Release|x86.Build.0 = Release|Any CPU
	EndGlobalSection
	GlobalSection(SolutionProperties) = preSolution
		HideSolutionNode = FALSE
	EndGlobalSection
	GlobalSection(NestedProjects) = preSolution
		{951F7B46-75C5-4C7B-9209-4CAC86872163} = {827E0CD3-B72D-47B6-A68D-7590B98EB39B}
		{D532713F-A0CE-4CB0-8889-8CB73CE00419} = {827E0CD3-B72D-47B6-A68D-7590B98EB39B}
		{443F1165-5AE4-4EFB-8D59-296C11624178} = {827E0CD3-B72D-47B6-A68D-7590B98EB39B}
		{AE00DE91-B590-4043-895C-ECEC2087660D} = {827E0CD3-B72D-47B6-A68D-7590B98EB39B}
		{35B17ACB-4F02-477C-9CEF-B33473B7493F} = {0AB3BF05-4346-4AA6-1389-037BE0695223}
	EndGlobalSection
EndGlobal
